
Microsoft Visual Studio Solution File, Format Version 12.00
# Visual Studio Version 16
VisualStudioVersion = 16.0.30413.136
MinimumVisualStudioVersion = 10.0.40219.1
Project("{FAE04EC0-301F-11D3-BF4B-00C04F79EFBC}") = "StudyChain", "StudyChain.csproj", "{99E25DE0-3DB0-40A0-A1D4-8901C66BA98B}"
EndProject
Project("{FAE04EC0-301F-11D3-BF4B-00C04F79EFBC}") = "Model", "..\Model\Model.csproj", "{828AA6BA-805F-48CA-8084-ACD02A56B742}"
EndProject
Project("{FAE04EC0-301F-11D3-BF4B-00C04F79EFBC}") = "Controller", "..\Controller\Controller.csproj", "{6858627C-1AF3-4924-B4DE-ED4AE2B1FBE1}"
EndProject
Project("{FAE04EC0-301F-11D3-BF4B-00C04F79EFBC}") = "ControllerTest", "..\ControllerTest\ControllerTest.csproj", "{DCF5782F-0390-493D-902F-EE554F8A6F74}"
EndProject
Global
	GlobalSection(SolutionConfigurationPlatforms) = preSolution
		Debug|Any CPU = Debug|Any CPU
		Release|Any CPU = Release|Any CPU
	EndGlobalSection
	GlobalSection(ProjectConfigurationPlatforms) = postSolution
		{99E25DE0-3DB0-40A0-A1D4-8901C66BA98B}.Debug|Any CPU.ActiveCfg = Debug|Any CPU
		{99E25DE0-3DB0-40A0-A1D4-8901C66BA98B}.Debug|Any CPU.Build.0 = Debug|Any CPU
		{99E25DE0-3DB0-40A0-A1D4-8901C66BA98B}.Release|Any CPU.ActiveCfg = Release|Any CPU
		{99E25DE0-3DB0-40A0-A1D4-8901C66BA98B}.Release|Any CPU.Build.0 = Release|Any CPU
		{828AA6BA-805F-48CA-8084-ACD02A56B742}.Debug|Any CPU.ActiveCfg = Debug|Any CPU
		{828AA6BA-805F-48CA-8084-ACD02A56B742}.Debug|Any CPU.Build.0 = Debug|Any CPU
		{828AA6BA-805F-48CA-8084-ACD02A56B742}.Release|Any CPU.ActiveCfg = Release|Any CPU
		{828AA6BA-805F-48CA-8084-ACD02A56B742}.Release|Any CPU.Build.0 = Release|Any CPU
		{6858627C-1AF3-4924-B4DE-ED4AE2B1FBE1}.Debug|Any CPU.ActiveCfg = Debug|Any CPU
		{6858627C-1AF3-4924-B4DE-ED4AE2B1FBE1}.Debug|Any CPU.Build.0 = Debug|Any CPU
		{6858627C-1AF3-4924-B4DE-ED4AE2B1FBE1}.Release|Any CPU.ActiveCfg = Release|Any CPU
		{6858627C-1AF3-4924-B4DE-ED4AE2B1FBE1}.Release|Any CPU.Build.0 = Release|Any CPU
		{DCF5782F-0390-493D-902F-EE554F8A6F74}.Debug|Any CPU.ActiveCfg = Debug|Any CPU
		{DCF5782F-0390-493D-902F-EE554F8A6F74}.Debug|Any CPU.Build.0 = Debug|Any CPU
		{DCF5782F-0390-493D-902F-EE554F8A6F74}.Release|Any CPU.ActiveCfg = Release|Any CPU
		{DCF5782F-0390-493D-902F-EE554F8A6F74}.Release|Any CPU.Build.0 = Release|Any CPU
	EndGlobalSection
	GlobalSection(SolutionProperties) = preSolution
		HideSolutionNode = FALSE
	EndGlobalSection
	GlobalSection(ExtensibilityGlobals) = postSolution
		SolutionGuid = {67483242-C3C7-4A7E-9A0D-9051FDB20D48}
	EndGlobalSection
EndGlobal
